// !$*UTF8*$!
{
	archiveVersion = 1;
	classes = {
	};
	objectVersion = 77;
	objects = {

/* Begin PBXBuildFile section */
		/* TODOApp */
		A001 /* TODOAppApp.swift in Sources */ = {isa = PBXBuildFile; fileRef = A101 /* TODOAppApp.swift */; };
		A002 /* ContentView.swift in Sources */ = {isa = PBXBuildFile; fileRef = A102 /* ContentView.swift */; };
		A005 /* AppCoordinator.swift in Sources */ = {isa = PBXBuildFile; fileRef = A106 /* AppCoordinator.swift */; };
		A006 /* AppStorageKeys.swift in Sources */ = {isa = PBXBuildFile; fileRef = A107 /* AppStorageKeys.swift */; };
		A007 /* AppConstants.swift in Sources */ = {isa = PBXBuildFile; fileRef = A108 /* AppConstants.swift */; };
		A008 /* Logger+App.swift in Sources */ = {isa = PBXBuildFile; fileRef = A109 /* Logger+App.swift */; };
		A003 /* PrivacyInfo.xcprivacy in Resources */ = {isa = PBXBuildFile; fileRef = A103 /* PrivacyInfo.xcprivacy */; };
		/* Story 1.3 — TODOApp Sources */
		B200 /* TaskItem.swift in Sources */ = {isa = PBXBuildFile; fileRef = A200 /* TaskItem.swift */; };
		B201 /* TaskList.swift in Sources */ = {isa = PBXBuildFile; fileRef = A201 /* TaskList.swift */; };
		B202 /* SchemaV1.swift in Sources */ = {isa = PBXBuildFile; fileRef = A202 /* SchemaV1.swift */; };
		B203 /* TaskRepositoryProtocol.swift in Sources */ = {isa = PBXBuildFile; fileRef = A203 /* TaskRepositoryProtocol.swift */; };
		B204 /* TaskRepository.swift in Sources */ = {isa = PBXBuildFile; fileRef = A204 /* TaskRepository.swift */; };
		B205 /* ListRepositoryProtocol.swift in Sources */ = {isa = PBXBuildFile; fileRef = A205 /* ListRepositoryProtocol.swift */; };
		B206 /* ListRepository.swift in Sources */ = {isa = PBXBuildFile; fileRef = A206 /* ListRepository.swift */; };
		B207 /* WidgetService.swift in Sources */ = {isa = PBXBuildFile; fileRef = A207 /* WidgetService.swift */; };
		B208 /* NotificationService.swift in Sources */ = {isa = PBXBuildFile; fileRef = A208 /* NotificationService.swift */; };
		B209 /* TaskListView.swift in Sources */ = {isa = PBXBuildFile; fileRef = A209 /* TaskListView.swift */; };
		B210 /* TaskListViewModel.swift in Sources */ = {isa = PBXBuildFile; fileRef = A210 /* TaskListViewModel.swift */; };
		B211 /* TaskRowView.swift in Sources */ = {isa = PBXBuildFile; fileRef = A211 /* TaskRowView.swift */; };
		/* Story 1.3 — WidgetKit framework */
		FWBF1 /* WidgetKit.framework in Frameworks */ = {isa = PBXBuildFile; fileRef = FWID1 /* WidgetKit.framework */; };
		/* TODOAppWidgetExtension */
		A011 /* TODOAppWidgetBundle.swift in Sources */ = {isa = PBXBuildFile; fileRef = A111 /* TODOAppWidgetBundle.swift */; };
		A012 /* PrivacyInfo.xcprivacy in Resources */ = {isa = PBXBuildFile; fileRef = A112 /* PrivacyInfo.xcprivacy (widget) */; };
		/* TODOAppIntents */
		A021 /* CreateTaskIntent.swift in Sources */ = {isa = PBXBuildFile; fileRef = A121 /* CreateTaskIntent.swift */; };
		A022 /* OpenTaskIntent.swift in Sources */ = {isa = PBXBuildFile; fileRef = A122 /* OpenTaskIntent.swift */; };
		A023 /* PrivacyInfo.xcprivacy in Resources */ = {isa = PBXBuildFile; fileRef = A123 /* PrivacyInfo.xcprivacy (intents) */; };
		/* TODOAppTests */
		A031 /* TODOAppTests.swift in Sources */ = {isa = PBXBuildFile; fileRef = A131 /* TODOAppTests.swift */; };
		/* Story 1.3 — TODOAppTests Sources */
		B212 /* TaskRepositoryTests.swift in Sources */ = {isa = PBXBuildFile; fileRef = A212 /* TaskRepositoryTests.swift */; };
		/* Story 1.4 — TODOApp Sources */
		B300 /* AddTaskView.swift in Sources */ = {isa = PBXBuildFile; fileRef = A300 /* AddTaskView.swift */; };
		B301 /* TaskDetailView.swift in Sources */ = {isa = PBXBuildFile; fileRef = A301 /* TaskDetailView.swift */; };
		B302 /* TaskDetailViewModel.swift in Sources */ = {isa = PBXBuildFile; fileRef = A302 /* TaskDetailViewModel.swift */; };
		/* Story 1.4 — TODOAppTests Sources */
		B303 /* TaskListViewModelTests.swift in Sources */ = {isa = PBXBuildFile; fileRef = A303 /* TaskListViewModelTests.swift */; };
		/* Story 2.1 — TODOApp Sources */
		B400 /* NotificationPermissionView.swift in Sources */ = {isa = PBXBuildFile; fileRef = A400 /* NotificationPermissionView.swift */; };
		/* Story 2.1 — TODOAppTests Sources */
		B401 /* NotificationServiceTests.swift in Sources */ = {isa = PBXBuildFile; fileRef = A401 /* NotificationServiceTests.swift */; };
		/* TODOAppUITests */
		A041 /* TODOAppUITests.swift in Sources */ = {isa = PBXBuildFile; fileRef = A141 /* TODOAppUITests.swift */; };
/* End PBXBuildFile section */

/* Begin PBXFileReference section */
		A101 /* TODOAppApp.swift */ = {isa = PBXFileReference; lastKnownFileType = sourcecode.swift; path = TODOAppApp.swift; sourceTree = "<group>"; };
		A102 /* ContentView.swift */ = {isa = PBXFileReference; lastKnownFileType = sourcecode.swift; path = ContentView.swift; sourceTree = "<group>"; };
		A103 /* PrivacyInfo.xcprivacy */ = {isa = PBXFileReference; lastKnownFileType = text.xml; path = PrivacyInfo.xcprivacy; sourceTree = "<group>"; };
		A104 /* TODOApp.entitlements */ = {isa = PBXFileReference; lastKnownFileType = text.plist.entitlements; path = TODOApp.entitlements; sourceTree = "<group>"; };
		A105 /* Info.plist */ = {isa = PBXFileReference; lastKnownFileType = text.plist.xml; path = Info.plist; sourceTree = "<group>"; };
		A106 /* AppCoordinator.swift */ = {isa = PBXFileReference; lastKnownFileType = sourcecode.swift; path = AppCoordinator.swift; sourceTree = "<group>"; };
		A107 /* AppStorageKeys.swift */ = {isa = PBXFileReference; lastKnownFileType = sourcecode.swift; path = AppStorageKeys.swift; sourceTree = "<group>"; };
		A108 /* AppConstants.swift */ = {isa = PBXFileReference; lastKnownFileType = sourcecode.swift; path = AppConstants.swift; sourceTree = "<group>"; };
		A109 /* Logger+App.swift */ = {isa = PBXFileReference; lastKnownFileType = sourcecode.swift; path = "Logger+App.swift"; sourceTree = "<group>"; };
		A111 /* TODOAppWidgetBundle.swift */ = {isa = PBXFileReference; lastKnownFileType = sourcecode.swift; path = TODOAppWidgetBundle.swift; sourceTree = "<group>"; };
		A112 /* PrivacyInfo.xcprivacy (widget) */ = {isa = PBXFileReference; lastKnownFileType = text.xml; path = PrivacyInfo.xcprivacy; sourceTree = "<group>"; };
		A113 /* TODOAppWidgetExtension.entitlements */ = {isa = PBXFileReference; lastKnownFileType = text.plist.entitlements; path = TODOAppWidgetExtension.entitlements; sourceTree = "<group>"; };
		A121 /* CreateTaskIntent.swift */ = {isa = PBXFileReference; lastKnownFileType = sourcecode.swift; path = CreateTaskIntent.swift; sourceTree = "<group>"; };
		A122 /* OpenTaskIntent.swift */ = {isa = PBXFileReference; lastKnownFileType = sourcecode.swift; path = OpenTaskIntent.swift; sourceTree = "<group>"; };
		A123 /* PrivacyInfo.xcprivacy (intents) */ = {isa = PBXFileReference; lastKnownFileType = text.xml; path = PrivacyInfo.xcprivacy; sourceTree = "<group>"; };
		A124 /* TODOAppIntents.entitlements */ = {isa = PBXFileReference; lastKnownFileType = text.plist.entitlements; path = TODOAppIntents.entitlements; sourceTree = "<group>"; };
		A131 /* TODOAppTests.swift */ = {isa = PBXFileReference; lastKnownFileType = sourcecode.swift; path = TODOAppTests.swift; sourceTree = "<group>"; };
		A141 /* TODOAppUITests.swift */ = {isa = PBXFileReference; lastKnownFileType = sourcecode.swift; path = TODOAppUITests.swift; sourceTree = "<group>"; };
		A150 /* Base.xcconfig */ = {isa = PBXFileReference; lastKnownFileType = text.xcconfig; path = Base.xcconfig; sourceTree = "<group>"; };
		/* Story 1.3 file references */
		A200 /* TaskItem.swift */ = {isa = PBXFileReference; lastKnownFileType = sourcecode.swift; path = TaskItem.swift; sourceTree = "<group>"; };
		A201 /* TaskList.swift */ = {isa = PBXFileReference; lastKnownFileType = sourcecode.swift; path = TaskList.swift; sourceTree = "<group>"; };
		A202 /* SchemaV1.swift */ = {isa = PBXFileReference; lastKnownFileType = sourcecode.swift; path = SchemaV1.swift; sourceTree = "<group>"; };
		A203 /* TaskRepositoryProtocol.swift */ = {isa = PBXFileReference; lastKnownFileType = sourcecode.swift; path = TaskRepositoryProtocol.swift; sourceTree = "<group>"; };
		A204 /* TaskRepository.swift */ = {isa = PBXFileReference; lastKnownFileType = sourcecode.swift; path = TaskRepository.swift; sourceTree = "<group>"; };
		A205 /* ListRepositoryProtocol.swift */ = {isa = PBXFileReference; lastKnownFileType = sourcecode.swift; path = ListRepositoryProtocol.swift; sourceTree = "<group>"; };
		A206 /* ListRepository.swift */ = {isa = PBXFileReference; lastKnownFileType = sourcecode.swift; path = ListRepository.swift; sourceTree = "<group>"; };
		A207 /* WidgetService.swift */ = {isa = PBXFileReference; lastKnownFileType = sourcecode.swift; path = WidgetService.swift; sourceTree = "<group>"; };
		A208 /* NotificationService.swift */ = {isa = PBXFileReference; lastKnownFileType = sourcecode.swift; path = NotificationService.swift; sourceTree = "<group>"; };
		A209 /* TaskListView.swift */ = {isa = PBXFileReference; lastKnownFileType = sourcecode.swift; path = TaskListView.swift; sourceTree = "<group>"; };
		A210 /* TaskListViewModel.swift */ = {isa = PBXFileReference; lastKnownFileType = sourcecode.swift; path = TaskListViewModel.swift; sourceTree = "<group>"; };
		A211 /* TaskRowView.swift */ = {isa = PBXFileReference; lastKnownFileType = sourcecode.swift; path = TaskRowView.swift; sourceTree = "<group>"; };
		A212 /* TaskRepositoryTests.swift */ = {isa = PBXFileReference; lastKnownFileType = sourcecode.swift; path = TaskRepositoryTests.swift; sourceTree = "<group>"; };
		/* Story 1.4 file references */
		A300 /* AddTaskView.swift */ = {isa = PBXFileReference; lastKnownFileType = sourcecode.swift; path = AddTaskView.swift; sourceTree = "<group>"; };
		A301 /* TaskDetailView.swift */ = {isa = PBXFileReference; lastKnownFileType = sourcecode.swift; path = TaskDetailView.swift; sourceTree = "<group>"; };
		A302 /* TaskDetailViewModel.swift */ = {isa = PBXFileReference; lastKnownFileType = sourcecode.swift; path = TaskDetailViewModel.swift; sourceTree = "<group>"; };
		A303 /* TaskListViewModelTests.swift */ = {isa = PBXFileReference; lastKnownFileType = sourcecode.swift; path = TaskListViewModelTests.swift; sourceTree = "<group>"; };
		/* Story 2.1 file references */
		A400 /* NotificationPermissionView.swift */ = {isa = PBXFileReference; lastKnownFileType = sourcecode.swift; path = NotificationPermissionView.swift; sourceTree = "<group>"; };
		A401 /* NotificationServiceTests.swift */ = {isa = PBXFileReference; lastKnownFileType = sourcecode.swift; path = NotificationServiceTests.swift; sourceTree = "<group>"; };
		/* Story 1.3 — WidgetKit framework */
		FWID1 /* WidgetKit.framework */ = {isa = PBXFileReference; lastKnownFileType = wrapper.framework; name = WidgetKit.framework; path = System/Library/Frameworks/WidgetKit.framework; sourceTree = SDKROOT; };
		/* Product references */
		B001 /* TODOApp.app */ = {isa = PBXFileReference; explicitFileType = wrapper.application; includeInIndex = 0; path = TODOApp.app; sourceTree = BUILT_PRODUCTS_DIR; };
		B002 /* TODOAppWidgetExtension.appex */ = {isa = PBXFileReference; explicitFileType = "wrapper.app-extension"; includeInIndex = 0; path = TODOAppWidgetExtension.appex; sourceTree = BUILT_PRODUCTS_DIR; };
		B003 /* TODOAppIntents.appex */ = {isa = PBXFileReference; explicitFileType = "wrapper.app-extension"; includeInIndex = 0; path = TODOAppIntents.appex; sourceTree = BUILT_PRODUCTS_DIR; };
		B004 /* TODOAppTests.xctest */ = {isa = PBXFileReference; explicitFileType = wrapper.cfbundle; includeInIndex = 0; path = TODOAppTests.xctest; sourceTree = BUILT_PRODUCTS_DIR; };
		B005 /* TODOAppUITests.xctest */ = {isa = PBXFileReference; explicitFileType = wrapper.cfbundle; includeInIndex = 0; path = TODOAppUITests.xctest; sourceTree = BUILT_PRODUCTS_DIR; };
/* End PBXFileReference section */

/* Begin PBXFrameworksBuildPhase section */
		C001 /* Frameworks (TODOApp) */ = {
			isa = PBXFrameworksBuildPhase;
			buildActionMask = 2147483647;
			files = (
				FWBF1 /* WidgetKit.framework in Frameworks */,
			);
			runOnlyForDeploymentPostprocessing = 0;
		};
		C002 /* Frameworks (Widget) */ = {
			isa = PBXFrameworksBuildPhase;
			buildActionMask = 2147483647;
			files = (
			);
			runOnlyForDeploymentPostprocessing = 0;
		};
		C003 /* Frameworks (Intents) */ = {
			isa = PBXFrameworksBuildPhase;
			buildActionMask = 2147483647;
			files = (
			);
			runOnlyForDeploymentPostprocessing = 0;
		};
		C004 /* Frameworks (Tests) */ = {
			isa = PBXFrameworksBuildPhase;
			buildActionMask = 2147483647;
			files = (
			);
			runOnlyForDeploymentPostprocessing = 0;
		};
		C005 /* Frameworks (UITests) */ = {
			isa = PBXFrameworksBuildPhase;
			buildActionMask = 2147483647;
			files = (
			);
			runOnlyForDeploymentPostprocessing = 0;
		};
/* End PBXFrameworksBuildPhase section */

/* Begin PBXGroup section */
		D000 /* Root */ = {
			isa = PBXGroup;
			children = (
				D001 /* TODOApp */,
				D002 /* TODOAppWidgetExtension */,
				D003 /* TODOAppIntents */,
				D004 /* TODOAppTests */,
				D005 /* TODOAppUITests */,
				D006 /* Configurations */,
				D007 /* Products */,
			);
			sourceTree = "<group>";
		};
		D001 /* TODOApp */ = {
			isa = PBXGroup;
			children = (
				A101 /* TODOAppApp.swift */,
				A102 /* ContentView.swift */,
				A106 /* AppCoordinator.swift */,
				A103 /* PrivacyInfo.xcprivacy */,
				A104 /* TODOApp.entitlements */,
				A105 /* Info.plist */,
				D008 /* Core */,
				D014 /* Features */,
			);
			path = TODOApp;
			sourceTree = "<group>";
		};
		D014 /* Features */ = {
			isa = PBXGroup;
			children = (
				D015 /* Tasks */,
				D016 /* Notifications */,
			);
			path = Features;
			sourceTree = "<group>";
		};
		D016 /* Notifications */ = {
			isa = PBXGroup;
			children = (
				A400 /* NotificationPermissionView.swift */,
			);
			path = Notifications;
			sourceTree = "<group>";
		};
		D015 /* Tasks */ = {
			isa = PBXGroup;
			children = (
				A209 /* TaskListView.swift */,
				A210 /* TaskListViewModel.swift */,
				A211 /* TaskRowView.swift */,
				A300 /* AddTaskView.swift */,
				A301 /* TaskDetailView.swift */,
				A302 /* TaskDetailViewModel.swift */,
			);
			path = Tasks;
			sourceTree = "<group>";
		};
		D008 /* Core */ = {
			isa = PBXGroup;
			children = (
				D009 /* Utilities */,
				D010 /* Models */,
				D012 /* Repositories */,
				D013 /* Services */,
			);
			path = Core;
			sourceTree = "<group>";
		};
		D010 /* Models */ = {
			isa = PBXGroup;
			children = (
				A200 /* TaskItem.swift */,
				A201 /* TaskList.swift */,
				D011 /* DataMigration */,
			);
			path = Models;
			sourceTree = "<group>";
		};
		D011 /* DataMigration */ = {
			isa = PBXGroup;
			children = (
				A202 /* SchemaV1.swift */,
			);
			path = DataMigration;
			sourceTree = "<group>";
		};
		D012 /* Repositories */ = {
			isa = PBXGroup;
			children = (
				A203 /* TaskRepositoryProtocol.swift */,
				A204 /* TaskRepository.swift */,
				A205 /* ListRepositoryProtocol.swift */,
				A206 /* ListRepository.swift */,
			);
			path = Repositories;
			sourceTree = "<group>";
		};
		D013 /* Services */ = {
			isa = PBXGroup;
			children = (
				A207 /* WidgetService.swift */,
				A208 /* NotificationService.swift */,
			);
			path = Services;
			sourceTree = "<group>";
		};
		D009 /* Utilities */ = {
			isa = PBXGroup;
			children = (
				A107 /* AppStorageKeys.swift */,
				A108 /* AppConstants.swift */,
				A109 /* Logger+App.swift */,
			);
			path = Utilities;
			sourceTree = "<group>";
		};
		D002 /* TODOAppWidgetExtension */ = {
			isa = PBXGroup;
			children = (
				A111 /* TODOAppWidgetBundle.swift */,
				A112 /* PrivacyInfo.xcprivacy (widget) */,
				A113 /* TODOAppWidgetExtension.entitlements */,
			);
			path = TODOAppWidgetExtension;
			sourceTree = "<group>";
		};
		D003 /* TODOAppIntents */ = {
			isa = PBXGroup;
			children = (
				A121 /* CreateTaskIntent.swift */,
				A122 /* OpenTaskIntent.swift */,
				A123 /* PrivacyInfo.xcprivacy (intents) */,
				A124 /* TODOAppIntents.entitlements */,
			);
			path = TODOAppIntents;
			sourceTree = "<group>";
		};
		D004 /* TODOAppTests */ = {
			isa = PBXGroup;
			children = (
				A131 /* TODOAppTests.swift */,
				A212 /* TaskRepositoryTests.swift */,
				A303 /* TaskListViewModelTests.swift */,
				D017 /* Notifications */,
			);
			path = TODOAppTests;
			sourceTree = "<group>";
		};
		D017 /* Notifications (Tests) */ = {
			isa = PBXGroup;
			children = (
				A401 /* NotificationServiceTests.swift */,
			);
			path = Notifications;
			sourceTree = "<group>";
		};
		D005 /* TODOAppUITests */ = {
			isa = PBXGroup;
			children = (
				A141 /* TODOAppUITests.swift */,
			);
			path = TODOAppUITests;
			sourceTree = "<group>";
		};
		D006 /* Configurations */ = {
			isa = PBXGroup;
			children = (
				A150 /* Base.xcconfig */,
			);
			path = Configurations;
			sourceTree = "<group>";
		};
		D007 /* Products */ = {
			isa = PBXGroup;
			children = (
				B001 /* TODOApp.app */,
				B002 /* TODOAppWidgetExtension.appex */,
				B003 /* TODOAppIntents.appex */,
				B004 /* TODOAppTests.xctest */,
				B005 /* TODOAppUITests.xctest */,
			);
			name = Products;
			sourceTree = "<group>";
		};
/* End PBXGroup section */

/* Begin PBXNativeTarget section */
		E001 /* TODOApp */ = {
			isa = PBXNativeTarget;
			buildConfigurationList = F001 /* Build configuration list for TODOApp */;
			buildPhases = (
				E001S /* Sources */,
				E001R /* Resources */,
				C001 /* Frameworks */,
			);
			buildRules = (
			);
			dependencies = (
				E001D1 /* TODOAppWidgetExtension dependency */,
				E001D2 /* TODOAppIntents dependency */,
			);
			name = TODOApp;
			productName = TODOApp;
			productReference = B001 /* TODOApp.app */;
			productType = "com.apple.product-type.application";
		};
		E002 /* TODOAppWidgetExtension */ = {
			isa = PBXNativeTarget;
			buildConfigurationList = F002 /* Build configuration list for TODOAppWidgetExtension */;
			buildPhases = (
				E002S /* Sources */,
				E002R /* Resources */,
				C002 /* Frameworks */,
			);
			buildRules = (
			);
			dependencies = (
			);
			name = TODOAppWidgetExtension;
			productName = TODOAppWidgetExtension;
			productReference = B002 /* TODOAppWidgetExtension.appex */;
			productType = "com.apple.product-type.app-extension";
		};
		E003 /* TODOAppIntents */ = {
			isa = PBXNativeTarget;
			buildConfigurationList = F003 /* Build configuration list for TODOAppIntents */;
			buildPhases = (
				E003S /* Sources */,
				E003R /* Resources */,
				C003 /* Frameworks */,
			);
			buildRules = (
			);
			dependencies = (
			);
			name = TODOAppIntents;
			productName = TODOAppIntents;
			productReference = B003 /* TODOAppIntents.appex */;
			productType = "com.apple.product-type.app-extension";
		};
		E004 /* TODOAppTests */ = {
			isa = PBXNativeTarget;
			buildConfigurationList = F004 /* Build configuration list for TODOAppTests */;
			buildPhases = (
				E004S /* Sources */,
				C004 /* Frameworks */,
			);
			buildRules = (
			);
			dependencies = (
				E004D /* TODOApp dependency */,
			);
			name = TODOAppTests;
			productName = TODOAppTests;
			productReference = B004 /* TODOAppTests.xctest */;
			productType = "com.apple.product-type.bundle.unit-test";
		};
		E005 /* TODOAppUITests */ = {
			isa = PBXNativeTarget;
			buildConfigurationList = F005 /* Build configuration list for TODOAppUITests */;
			buildPhases = (
				E005S /* Sources */,
				C005 /* Frameworks */,
			);
			buildRules = (
			);
			dependencies = (
				E005D /* TODOApp dependency */,
			);
			name = TODOAppUITests;
			productName = TODOAppUITests;
			productReference = B005 /* TODOAppUITests.xctest */;
			productType = "com.apple.product-type.bundle.ui-testing";
		};
/* End PBXNativeTarget section */

/* Begin PBXSourcesBuildPhase section */
		E001S /* Sources (TODOApp) */ = {
			isa = PBXSourcesBuildPhase;
			buildActionMask = 2147483647;
			files = (
				A001 /* TODOAppApp.swift in Sources */,
				A002 /* ContentView.swift in Sources */,
				A005 /* AppCoordinator.swift in Sources */,
				A006 /* AppStorageKeys.swift in Sources */,
				A007 /* AppConstants.swift in Sources */,
				A008 /* Logger+App.swift in Sources */,
				B200 /* TaskItem.swift in Sources */,
				B201 /* TaskList.swift in Sources */,
				B202 /* SchemaV1.swift in Sources */,
				B203 /* TaskRepositoryProtocol.swift in Sources */,
				B204 /* TaskRepository.swift in Sources */,
				B205 /* ListRepositoryProtocol.swift in Sources */,
				B206 /* ListRepository.swift in Sources */,
				B207 /* WidgetService.swift in Sources */,
				B208 /* NotificationService.swift in Sources */,
				B209 /* TaskListView.swift in Sources */,
				B210 /* TaskListViewModel.swift in Sources */,
				B211 /* TaskRowView.swift in Sources */,
				B300 /* AddTaskView.swift in Sources */,
				B301 /* TaskDetailView.swift in Sources */,
				B302 /* TaskDetailViewModel.swift in Sources */,
				B400 /* NotificationPermissionView.swift in Sources */,
			);
			runOnlyForDeploymentPostprocessing = 0;
		};
		E002S /* Sources (Widget) */ = {
			isa = PBXSourcesBuildPhase;
			buildActionMask = 2147483647;
			files = (
				A011 /* TODOAppWidgetBundle.swift in Sources */,
			);
			runOnlyForDeploymentPostprocessing = 0;
		};
		E003S /* Sources (Intents) */ = {
			isa = PBXSourcesBuildPhase;
			buildActionMask = 2147483647;
			files = (
				A021 /* CreateTaskIntent.swift in Sources */,
				A022 /* OpenTaskIntent.swift in Sources */,
			);
			runOnlyForDeploymentPostprocessing = 0;
		};
		E004S /* Sources (Tests) */ = {
			isa = PBXSourcesBuildPhase;
			buildActionMask = 2147483647;
			files = (
				A031 /* TODOAppTests.swift in Sources */,
				B212 /* TaskRepositoryTests.swift in Sources */,
				B303 /* TaskListViewModelTests.swift in Sources */,
				B401 /* NotificationServiceTests.swift in Sources */,
			);
			runOnlyForDeploymentPostprocessing = 0;
		};
		E005S /* Sources (UITests) */ = {
			isa = PBXSourcesBuildPhase;
			buildActionMask = 2147483647;
			files = (
				A041 /* TODOAppUITests.swift in Sources */,
			);
			runOnlyForDeploymentPostprocessing = 0;
		};
/* End PBXSourcesBuildPhase section */

/* Begin PBXResourcesBuildPhase section */
		E001R /* Resources (TODOApp) */ = {
			isa = PBXResourcesBuildPhase;
			buildActionMask = 2147483647;
			files = (
				A003 /* PrivacyInfo.xcprivacy in Resources */,
			);
			runOnlyForDeploymentPostprocessing = 0;
		};
		E002R /* Resources (Widget) */ = {
			isa = PBXResourcesBuildPhase;
			buildActionMask = 2147483647;
			files = (
				A012 /* PrivacyInfo.xcprivacy in Resources */,
			);
			runOnlyForDeploymentPostprocessing = 0;
		};
		E003R /* Resources (Intents) */ = {
			isa = PBXResourcesBuildPhase;
			buildActionMask = 2147483647;
			files = (
				A023 /* PrivacyInfo.xcprivacy in Resources */,
			);
			runOnlyForDeploymentPostprocessing = 0;
		};
/* End PBXResourcesBuildPhase section */

/* Begin PBXTargetDependency section */
		E001D1 /* TODOApp → TODOAppWidgetExtension */ = {
			isa = PBXTargetDependency;
			target = E002 /* TODOAppWidgetExtension */;
			targetProxy = E001P1;
		};
		E001D2 /* TODOApp → TODOAppIntents */ = {
			isa = PBXTargetDependency;
			target = E003 /* TODOAppIntents */;
			targetProxy = E001P2;
		};
		E004D /* TODOAppTests → TODOApp */ = {
			isa = PBXTargetDependency;
			target = E001 /* TODOApp */;
			targetProxy = E004P;
		};
		E005D /* TODOAppUITests → TODOApp */ = {
			isa = PBXTargetDependency;
			target = E001 /* TODOApp */;
			targetProxy = E005P;
		};
/* End PBXTargetDependency section */

/* Begin PBXContainerItemProxy section */
		E001P1 = {
			isa = PBXContainerItemProxy;
			containerPortal = G001 /* Project object */;
			proxyType = 1;
			remoteGlobalIDString = E002;
			remoteInfo = TODOAppWidgetExtension;
		};
		E001P2 = {
			isa = PBXContainerItemProxy;
			containerPortal = G001 /* Project object */;
			proxyType = 1;
			remoteGlobalIDString = E003;
			remoteInfo = TODOAppIntents;
		};
		E004P = {
			isa = PBXContainerItemProxy;
			containerPortal = G001 /* Project object */;
			proxyType = 1;
			remoteGlobalIDString = E001;
			remoteInfo = TODOApp;
		};
		E005P = {
			isa = PBXContainerItemProxy;
			containerPortal = G001 /* Project object */;
			proxyType = 1;
			remoteGlobalIDString = E001;
			remoteInfo = TODOApp;
		};
/* End PBXContainerItemProxy section */

/* Begin XCBuildConfiguration section */
		/* ---- TODOApp (main) ---- */
		H101 /* Debug (TODOApp) */ = {
			isa = XCBuildConfiguration;
			baseConfigurationReference = A150 /* Base.xcconfig */;
			buildSettings = {
				ASSETCATALOG_COMPILER_APPICON_NAME = AppIcon;
				CODE_SIGN_ENTITLEMENTS = TODOApp/TODOApp.entitlements;
				CODE_SIGN_STYLE = Automatic;
				CURRENT_PROJECT_VERSION = 1;
				DEVELOPMENT_TEAM = "$(DEVELOPMENT_TEAM)";
				GENERATE_INFOPLIST_FILE = NO;
				INFOPLIST_FILE = TODOApp/Info.plist;
				IPHONEOS_DEPLOYMENT_TARGET = 17.0;
				LD_RUNPATH_SEARCH_PATHS = (
					"$(inherited)",
					"@executable_path/Frameworks",
				);
				MARKETING_VERSION = 1.0;
				PRODUCT_BUNDLE_IDENTIFIER = "com.$(DEVELOPMENT_TEAM).todoapp";
				PRODUCT_NAME = "$(TARGET_NAME)";
				SWIFT_EMIT_LOC_STRINGS = YES;
				SWIFT_STRICT_CONCURRENCY = complete;
				SWIFT_VERSION = 6;
				TARGETED_DEVICE_FAMILY = "1,2";
			};
			name = Debug;
		};
		H102 /* Release (TODOApp) */ = {
			isa = XCBuildConfiguration;
			baseConfigurationReference = A150 /* Base.xcconfig */;
			buildSettings = {
				ASSETCATALOG_COMPILER_APPICON_NAME = AppIcon;
				CODE_SIGN_ENTITLEMENTS = TODOApp/TODOApp.entitlements;
				CODE_SIGN_STYLE = Automatic;
				CURRENT_PROJECT_VERSION = 1;
				DEVELOPMENT_TEAM = "$(DEVELOPMENT_TEAM)";
				GENERATE_INFOPLIST_FILE = NO;
				INFOPLIST_FILE = TODOApp/Info.plist;
				IPHONEOS_DEPLOYMENT_TARGET = 17.0;
				LD_RUNPATH_SEARCH_PATHS = (
					"$(inherited)",
					"@executable_path/Frameworks",
				);
				MARKETING_VERSION = 1.0;
				PRODUCT_BUNDLE_IDENTIFIER = "com.$(DEVELOPMENT_TEAM).todoapp";
				PRODUCT_NAME = "$(TARGET_NAME)";
				SWIFT_EMIT_LOC_STRINGS = YES;
				SWIFT_STRICT_CONCURRENCY = complete;
				SWIFT_VERSION = 6;
				TARGETED_DEVICE_FAMILY = "1,2";
			};
			name = Release;
		};
		/* ---- TODOAppWidgetExtension ---- */
		H201 /* Debug (Widget) */ = {
			isa = XCBuildConfiguration;
			baseConfigurationReference = A150 /* Base.xcconfig */;
			buildSettings = {
				CODE_SIGN_ENTITLEMENTS = TODOAppWidgetExtension/TODOAppWidgetExtension.entitlements;
				CODE_SIGN_STYLE = Automatic;
				DEVELOPMENT_TEAM = "$(DEVELOPMENT_TEAM)";
				INFOPLIST_FILE = TODOAppWidgetExtension/Info.plist;
				IPHONEOS_DEPLOYMENT_TARGET = 17.0;
				LD_RUNPATH_SEARCH_PATHS = (
					"$(inherited)",
					"@executable_path/Frameworks",
					"@executable_path/../../Frameworks",
				);
				PRODUCT_BUNDLE_IDENTIFIER = "com.$(DEVELOPMENT_TEAM).todoapp.widget";
				PRODUCT_NAME = "$(TARGET_NAME)";
				SKIP_INSTALL = YES;
				SWIFT_STRICT_CONCURRENCY = complete;
				SWIFT_VERSION = 6;
				TARGETED_DEVICE_FAMILY = "1,2";
			};
			name = Debug;
		};
		H202 /* Release (Widget) */ = {
			isa = XCBuildConfiguration;
			baseConfigurationReference = A150 /* Base.xcconfig */;
			buildSettings = {
				CODE_SIGN_ENTITLEMENTS = TODOAppWidgetExtension/TODOAppWidgetExtension.entitlements;
				CODE_SIGN_STYLE = Automatic;
				DEVELOPMENT_TEAM = "$(DEVELOPMENT_TEAM)";
				INFOPLIST_FILE = TODOAppWidgetExtension/Info.plist;
				IPHONEOS_DEPLOYMENT_TARGET = 17.0;
				LD_RUNPATH_SEARCH_PATHS = (
					"$(inherited)",
					"@executable_path/Frameworks",
					"@executable_path/../../Frameworks",
				);
				PRODUCT_BUNDLE_IDENTIFIER = "com.$(DEVELOPMENT_TEAM).todoapp.widget";
				PRODUCT_NAME = "$(TARGET_NAME)";
				SKIP_INSTALL = YES;
				SWIFT_STRICT_CONCURRENCY = complete;
				SWIFT_VERSION = 6;
				TARGETED_DEVICE_FAMILY = "1,2";
			};
			name = Release;
		};
		/* ---- TODOAppIntents ---- */
		H301 /* Debug (Intents) */ = {
			isa = XCBuildConfiguration;
			baseConfigurationReference = A150 /* Base.xcconfig */;
			buildSettings = {
				CODE_SIGN_ENTITLEMENTS = TODOAppIntents/TODOAppIntents.entitlements;
				CODE_SIGN_STYLE = Automatic;
				DEVELOPMENT_TEAM = "$(DEVELOPMENT_TEAM)";
				INFOPLIST_FILE = TODOAppIntents/Info.plist;
				IPHONEOS_DEPLOYMENT_TARGET = 17.0;
				LD_RUNPATH_SEARCH_PATHS = (
					"$(inherited)",
					"@executable_path/Frameworks",
					"@executable_path/../../Frameworks",
				);
				PRODUCT_BUNDLE_IDENTIFIER = "com.$(DEVELOPMENT_TEAM).todoapp.intents";
				PRODUCT_NAME = "$(TARGET_NAME)";
				SKIP_INSTALL = YES;
				SWIFT_STRICT_CONCURRENCY = complete;
				SWIFT_VERSION = 6;
				TARGETED_DEVICE_FAMILY = "1,2";
			};
			name = Debug;
		};
		H302 /* Release (Intents) */ = {
			isa = XCBuildConfiguration;
			baseConfigurationReference = A150 /* Base.xcconfig */;
			buildSettings = {
				CODE_SIGN_ENTITLEMENTS = TODOAppIntents/TODOAppIntents.entitlements;
				CODE_SIGN_STYLE = Automatic;
				DEVELOPMENT_TEAM = "$(DEVELOPMENT_TEAM)";
				INFOPLIST_FILE = TODOAppIntents/Info.plist;
				IPHONEOS_DEPLOYMENT_TARGET = 17.0;
				LD_RUNPATH_SEARCH_PATHS = (
					"$(inherited)",
					"@executable_path/Frameworks",
					"@executable_path/../../Frameworks",
				);
				PRODUCT_BUNDLE_IDENTIFIER = "com.$(DEVELOPMENT_TEAM).todoapp.intents";
				PRODUCT_NAME = "$(TARGET_NAME)";
				SKIP_INSTALL = YES;
				SWIFT_STRICT_CONCURRENCY = complete;
				SWIFT_VERSION = 6;
				TARGETED_DEVICE_FAMILY = "1,2";
			};
			name = Release;
		};
		/* ---- TODOAppTests ---- */
		H401 /* Debug (Tests) */ = {
			isa = XCBuildConfiguration;
			baseConfigurationReference = A150 /* Base.xcconfig */;
			buildSettings = {
				CODE_SIGN_STYLE = Automatic;
				DEVELOPMENT_TEAM = "$(DEVELOPMENT_TEAM)";
				ENABLE_TESTABILITY = YES;
				IPHONEOS_DEPLOYMENT_TARGET = 17.0;
				PRODUCT_BUNDLE_IDENTIFIER = "com.$(DEVELOPMENT_TEAM).todoapp.tests";
				PRODUCT_NAME = "$(TARGET_NAME)";
				SWIFT_STRICT_CONCURRENCY = complete;
				SWIFT_VERSION = 6;
				TARGETED_DEVICE_FAMILY = "1,2";
			};
			name = Debug;
		};
		H402 /* Release (Tests) */ = {
			isa = XCBuildConfiguration;
			baseConfigurationReference = A150 /* Base.xcconfig */;
			buildSettings = {
				CODE_SIGN_STYLE = Automatic;
				DEVELOPMENT_TEAM = "$(DEVELOPMENT_TEAM)";
				ENABLE_TESTABILITY = YES;
				IPHONEOS_DEPLOYMENT_TARGET = 17.0;
				PRODUCT_BUNDLE_IDENTIFIER = "com.$(DEVELOPMENT_TEAM).todoapp.tests";
				PRODUCT_NAME = "$(TARGET_NAME)";
				SWIFT_STRICT_CONCURRENCY = complete;
				SWIFT_VERSION = 6;
				TARGETED_DEVICE_FAMILY = "1,2";
			};
			name = Release;
		};
		/* ---- TODOAppUITests ---- */
		H501 /* Debug (UITests) */ = {
			isa = XCBuildConfiguration;
			baseConfigurationReference = A150 /* Base.xcconfig */;
			buildSettings = {
				CODE_SIGN_STYLE = Automatic;
				DEVELOPMENT_TEAM = "$(DEVELOPMENT_TEAM)";
				IPHONEOS_DEPLOYMENT_TARGET = 17.0;
				PRODUCT_BUNDLE_IDENTIFIER = "com.$(DEVELOPMENT_TEAM).todoapp.uitests";
				PRODUCT_NAME = "$(TARGET_NAME)";
				SWIFT_STRICT_CONCURRENCY = complete;
				SWIFT_VERSION = 6;
				TARGETED_DEVICE_FAMILY = "1,2";
			};
			name = Debug;
		};
		H502 /* Release (UITests) */ = {
			isa = XCBuildConfiguration;
			baseConfigurationReference = A150 /* Base.xcconfig */;
			buildSettings = {
				CODE_SIGN_STYLE = Automatic;
				DEVELOPMENT_TEAM = "$(DEVELOPMENT_TEAM)";
				IPHONEOS_DEPLOYMENT_TARGET = 17.0;
				PRODUCT_BUNDLE_IDENTIFIER = "com.$(DEVELOPMENT_TEAM).todoapp.uitests";
				PRODUCT_NAME = "$(TARGET_NAME)";
				SWIFT_STRICT_CONCURRENCY = complete;
				SWIFT_VERSION = 6;
				TARGETED_DEVICE_FAMILY = "1,2";
			};
			name = Release;
		};
		/* ---- Project-level ---- */
		H001 /* Debug (Project) */ = {
			isa = XCBuildConfiguration;
			baseConfigurationReference = A150 /* Base.xcconfig */;
			buildSettings = {
				ALWAYS_SEARCH_USER_PATHS = NO;
				CLANG_ANALYZER_NONNULL = YES;
				CLANG_ANALYZER_NUMBER_OBJECT_CONVERSION = YES_AGGRESSIVE;
				CLANG_CXX_LANGUAGE_STANDARD = "gnu++20";
				CLANG_ENABLE_MODULES = YES;
				CLANG_ENABLE_OBJC_ARC = YES;
				CLANG_ENABLE_OBJC_WEAK = YES;
				CLANG_WARN_BLOCK_CAPTURE_AUTORELEASING = YES;
				CLANG_WARN_BOOL_CONVERSION = YES;
				CLANG_WARN_COMMA = YES;
				CLANG_WARN_CONSTANT_CONVERSION = YES;
				CLANG_WARN_DEPRECATED_OBJC_IMPLEMENTATIONS = YES;
				CLANG_WARN_DIRECT_OBJC_ISA_USAGE = YES_ERROR;
				CLANG_WARN_DOCUMENTATION_COMMENTS = YES;
				CLANG_WARN_EMPTY_BODY = YES;
				CLANG_WARN_ENUM_CONVERSION = YES;
				CLANG_WARN_INFINITE_RECURSION = YES;
				CLANG_WARN_INT_CONVERSION = YES;
				CLANG_WARN_NON_LITERAL_NULL_CONVERSION = YES;
				CLANG_WARN_OBJC_IMPLICIT_RETAIN_SELF = YES;
				CLANG_WARN_OBJC_LITERAL_CONVERSION = YES;
				CLANG_WARN_OBJC_ROOT_CLASS = YES_ERROR;
				CLANG_WARN_QUOTED_INCLUDE_IN_FRAMEWORK_HEADER = YES;
				CLANG_WARN_RANGE_LOOP_ANALYSIS = YES;
				CLANG_WARN_STRICT_PROTOTYPES = YES;
				CLANG_WARN_SUSPICIOUS_MOVE = YES;
				CLANG_WARN_UNGUARDED_AVAILABILITY = YES_AGGRESSIVE;
				CLANG_WARN_UNREACHABLE_CODE = YES;
				CLANG_WARN__DUPLICATE_METHOD_MATCH = YES;
				COPY_PHASE_STRIP = NO;
				DEBUG_INFORMATION_FORMAT = dwarf;
				ENABLE_STRICT_OBJC_MSGSEND = YES;
				ENABLE_TESTABILITY = YES;
				ENABLE_USER_SCRIPT_SANDBOXING = YES;
				GCC_C_LANGUAGE_STANDARD = gnu17;
				GCC_DYNAMIC_NO_PIC = NO;
				GCC_NO_COMMON_BLOCKS = YES;
				GCC_OPTIMIZATION_LEVEL = 0;
				GCC_PREPROCESSOR_DEFINITIONS = (
					"DEBUG=1",
					"$(inherited)",
				);
				GCC_WARN_64_TO_32_BIT_CONVERSION = YES;
				GCC_WARN_ABOUT_RETURN_TYPE = YES_ERROR;
				GCC_WARN_UNDECLARED_SELECTOR = YES;
				GCC_WARN_UNINITIALIZED_AUTOS = YES_AGGRESSIVE;
				GCC_WARN_UNUSED_FUNCTION = YES;
				GCC_WARN_UNUSED_VARIABLE = YES;
				IPHONEOS_DEPLOYMENT_TARGET = 17.0;
				MTL_ENABLE_DEBUG_INFO = INCLUDE_SOURCE;
				MTL_FAST_MATH = YES;
				ONLY_ACTIVE_ARCH = YES;
				SDKROOT = iphoneos;
				SWIFT_ACTIVE_COMPILATION_CONDITIONS = DEBUG;
				SWIFT_OPTIMIZATION_LEVEL = "-Onone";
				SWIFT_STRICT_CONCURRENCY = complete;
				SWIFT_VERSION = 6;
			};
			name = Debug;
		};
		H002 /* Release (Project) */ = {
			isa = XCBuildConfiguration;
			baseConfigurationReference = A150 /* Base.xcconfig */;
			buildSettings = {
				ALWAYS_SEARCH_USER_PATHS = NO;
				CLANG_ANALYZER_NONNULL = YES;
				CLANG_ANALYZER_NUMBER_OBJECT_CONVERSION = YES_AGGRESSIVE;
				CLANG_CXX_LANGUAGE_STANDARD = "gnu++20";
				CLANG_ENABLE_MODULES = YES;
				CLANG_ENABLE_OBJC_ARC = YES;
				CLANG_ENABLE_OBJC_WEAK = YES;
				CLANG_WARN_BLOCK_CAPTURE_AUTORELEASING = YES;
				CLANG_WARN_BOOL_CONVERSION = YES;
				CLANG_WARN_COMMA = YES;
				CLANG_WARN_CONSTANT_CONVERSION = YES;
				CLANG_WARN_DEPRECATED_OBJC_IMPLEMENTATIONS = YES;
				CLANG_WARN_DIRECT_OBJC_ISA_USAGE = YES_ERROR;
				CLANG_WARN_DOCUMENTATION_COMMENTS = YES;
				CLANG_WARN_EMPTY_BODY = YES;
				CLANG_WARN_ENUM_CONVERSION = YES;
				CLANG_WARN_INFINITE_RECURSION = YES;
				CLANG_WARN_INT_CONVERSION = YES;
				CLANG_WARN_NON_LITERAL_NULL_CONVERSION = YES;
				CLANG_WARN_OBJC_IMPLICIT_RETAIN_SELF = YES;
				CLANG_WARN_OBJC_LITERAL_CONVERSION = YES;
				CLANG_WARN_OBJC_ROOT_CLASS = YES_ERROR;
				CLANG_WARN_QUOTED_INCLUDE_IN_FRAMEWORK_HEADER = YES;
				CLANG_WARN_RANGE_LOOP_ANALYSIS = YES;
				CLANG_WARN_STRICT_PROTOTYPES = YES;
				CLANG_WARN_SUSPICIOUS_MOVE = YES;
				CLANG_WARN_UNGUARDED_AVAILABILITY = YES_AGGRESSIVE;
				CLANG_WARN_UNREACHABLE_CODE = YES;
				CLANG_WARN__DUPLICATE_METHOD_MATCH = YES;
				COPY_PHASE_STRIP = NO;
				DEBUG_INFORMATION_FORMAT = "dwarf-with-dsym";
				ENABLE_NS_ASSERTIONS = NO;
				ENABLE_STRICT_OBJC_MSGSEND = YES;
				ENABLE_USER_SCRIPT_SANDBOXING = YES;
				GCC_C_LANGUAGE_STANDARD = gnu17;
				GCC_NO_COMMON_BLOCKS = YES;
				GCC_WARN_64_TO_32_BIT_CONVERSION = YES;
				GCC_WARN_ABOUT_RETURN_TYPE = YES_ERROR;
				GCC_WARN_UNDECLARED_SELECTOR = YES;
				GCC_WARN_UNINITIALIZED_AUTOS = YES_AGGRESSIVE;
				GCC_WARN_UNUSED_FUNCTION = YES;
				GCC_WARN_UNUSED_VARIABLE = YES;
				IPHONEOS_DEPLOYMENT_TARGET = 17.0;
				MTL_FAST_MATH = YES;
				SDKROOT = iphoneos;
				SWIFT_COMPILATION_MODE = wholemodule;
				SWIFT_OPTIMIZATION_LEVEL = "-O";
				SWIFT_STRICT_CONCURRENCY = complete;
				SWIFT_VERSION = 6;
				VALIDATE_PRODUCT = YES;
			};
			name = Release;
		};
/* End XCBuildConfiguration section */

/* Begin XCConfigurationList section */
		F000 /* Build configuration list for PBXProject "TODOApp" */ = {
			isa = XCConfigurationList;
			buildConfigurations = (
				H001 /* Debug */,
				H002 /* Release */,
			);
			defaultConfigurationIsVisible = 0;
			defaultConfigurationName = Release;
		};
		F001 /* Build configuration list for TODOApp */ = {
			isa = XCConfigurationList;
			buildConfigurations = (
				H101 /* Debug */,
				H102 /* Release */,
			);
			defaultConfigurationIsVisible = 0;
			defaultConfigurationName = Release;
		};
		F002 /* Build configuration list for TODOAppWidgetExtension */ = {
			isa = XCConfigurationList;
			buildConfigurations = (
				H201 /* Debug */,
				H202 /* Release */,
			);
			defaultConfigurationIsVisible = 0;
			defaultConfigurationName = Release;
		};
		F003 /* Build configuration list for TODOAppIntents */ = {
			isa = XCConfigurationList;
			buildConfigurations = (
				H301 /* Debug */,
				H302 /* Release */,
			);
			defaultConfigurationIsVisible = 0;
			defaultConfigurationName = Release;
		};
		F004 /* Build configuration list for TODOAppTests */ = {
			isa = XCConfigurationList;
			buildConfigurations = (
				H401 /* Debug */,
				H402 /* Release */,
			);
			defaultConfigurationIsVisible = 0;
			defaultConfigurationName = Release;
		};
		F005 /* Build configuration list for TODOAppUITests */ = {
			isa = XCConfigurationList;
			buildConfigurations = (
				H501 /* Debug */,
				H502 /* Release */,
			);
			defaultConfigurationIsVisible = 0;
			defaultConfigurationName = Release;
		};
/* End XCConfigurationList section */

/* Begin PBXProject section */
		G001 /* Project object */ = {
			isa = PBXProject;
			attributes = {
				BuildIndependentTargetsInParallel = 1;
				LastSwiftUpdateCheck = 1600;
				LastUpgradeCheck = 1600;
				TargetAttributes = {
					E001 = {
						CreatedOnToolsVersion = 16.0;
						DevelopmentTeam = "$(DEVELOPMENT_TEAM)";
					};
					E002 = {
						CreatedOnToolsVersion = 16.0;
						DevelopmentTeam = "$(DEVELOPMENT_TEAM)";
					};
					E003 = {
						CreatedOnToolsVersion = 16.0;
						DevelopmentTeam = "$(DEVELOPMENT_TEAM)";
					};
					E004 = {
						CreatedOnToolsVersion = 16.0;
						DevelopmentTeam = "$(DEVELOPMENT_TEAM)";
						TestTargetID = E001;
					};
					E005 = {
						CreatedOnToolsVersion = 16.0;
						DevelopmentTeam = "$(DEVELOPMENT_TEAM)";
						TestTargetID = E001;
					};
				};
			};
			buildConfigurationList = F000 /* Build configuration list for PBXProject "TODOApp" */;
			compatibilityVersion = "Xcode 14.0";
			developmentRegion = en;
			hasScannedForEncodings = 0;
			knownRegions = (
				en,
				Base,
			);
			mainGroup = D000;
			productRefGroup = D007 /* Products */;
			projectDirPath = "";
			projectRoot = "";
			targets = (
				E001 /* TODOApp */,
				E002 /* TODOAppWidgetExtension */,
				E003 /* TODOAppIntents */,
				E004 /* TODOAppTests */,
				E005 /* TODOAppUITests */,
			);
		};
/* End PBXProject section */

	};
	rootObject = G001 /* Project object */;
}
